{
  "name": "Portfolio",
  "lockfileVersion": 2,
  "requires": true,
  "packages": {
    "": {
      "dependencies": {
        "sequencejs": "^2.0.0"
      }
    },
    "node_modules/sequencejs": {
      "version": "2.0.0",
      "resolved": "https://registry.npmjs.org/sequencejs/-/sequencejs-2.0.0.tgz",
      "integrity": "sha512-ULpHqCDY2r+p1Bzj80F6YvkGRip535Oaqb4K8hMbbUhOSHSPtPN2CVTjmtXX5xyKSVqD9HmaaUb+LJSui72SQg=="
    }
  },
  "dependencies": {
    "sequencejs": {
      "version": "2.0.0",
      "resolved": "https://registry.npmjs.org/sequencejs/-/sequencejs-2.0.0.tgz",
      "integrity": "sha512-ULpHqCDY2r+p1Bzj80F6YvkGRip535Oaqb4K8hMbbUhOSHSPtPN2CVTjmtXX5xyKSVqD9HmaaUb+LJSui72SQg=="
    }
  }
}
